github.com/juliuspr/horn-playing-resources v0.0.0-20220215172539-e7bcce12ebfc h1:KiLki6o6uy+uo3VhJB7vtm5CY1tnNy9MRHBLcxxj2FY=
github.com/juliuspr/horn-playing-resources v0.0.0-20220215172539-e7bcce12ebfc/go.mod h1:FnEsLC2GJxdfV7r0Wy1V9kMJN94Vuh8xNwM2519DxTo=
github.com/juliuspr/hugo-theme-library v0.0.0-20220110144325-b42ddcced674 h1:rIi4KIoKCyKsaRYBNYPjqhnPL3QeiW/s6SzuXG2aKCM=
github.com/juliuspr/hugo-theme-library v0.0.0-20220110144325-b42ddcced674/go.mod h1:oPhFD9PzmBtLEJCzioHhWV1QTGqAtTqBs49pgBkiEU8=
github.com/juliuspr/hugo-theme-library v0.0.0-20220120210343-a3eeb749b25c h1:a4Hc9GU3GMNwTvNo2e2HFBT/Kge+RXsii4I1Z+xvUbM=
github.com/juliuspr/hugo-theme-library v0.0.0-20220120210343-a3eeb749b25c/go.mod h1:oPhFD9PzmBtLEJCzioHhWV1QTGqAtTqBs49pgBkiEU8=
github.com/juliuspr/hugo-theme-listed-again v0.0.0-20220109125116-5972b6b70915 h1:ERBTlZ2MzDhYMyurDLU+R61H7tiRPVHl9F0gU9mwGV0=
github.com/juliuspr/hugo-theme-listed-again v0.0.0-20220109125116-5972b6b70915/go.mod h1:KyD59BDV+n0DNPBk3SZwGpg+HDDEDs2AeRXPiwc+VW8=
